
Microsoft Visual Studio Solution File, Format Version 12.00
# Visual Studio 15
VisualStudioVersion = 15.0.27004.2010
MinimumVisualStudioVersion = 10.0.40219.1
Project("{FAE04EC0-301F-11D3-BF4B-00C04F79EFBC}") = "01. Day of Week", "01. Day of Week\01. Day of Week.csproj", "{151CB22C-484B-45F2-9F0E-FD1E9B1864EF}"
EndProject
Project("{FAE04EC0-301F-11D3-BF4B-00C04F79EFBC}") = "02. Randomize Words", "02. Randomize Words\02. Randomize Words.csproj", "{52DE9A80-E28E-4D63-B9E4-97529E791140}"
EndProject
Project("{FAE04EC0-301F-11D3-BF4B-00C04F79EFBC}") = "03. Big Factorial", "03. Big Factorial\03. Big Factorial.csproj", "{75CF45AE-0653-485E-9922-6D43DFA696C6}"
EndProject
Project("{FAE04EC0-301F-11D3-BF4B-00C04F79EFBC}") = "04. Distance between Points", "04. Distance between Points\04. Distance between Points.csproj", "{2D285BEA-D7A1-4F84-9542-6651A0A5F1AA}"
EndProject
Project("{FAE04EC0-301F-11D3-BF4B-00C04F79EFBC}") = "05. Closest Two Points", "05. Closest Two Points\05. Closest Two Points.csproj", "{E01388BF-64F3-4B83-95C2-E8FBD8F31C1D}"
EndProject
Global
	GlobalSection(SolutionConfigurationPlatforms) = preSolution
		Debug|Any CPU = Debug|Any CPU
		Release|Any CPU = Release|Any CPU
	EndGlobalSection
	GlobalSection(ProjectConfigurationPlatforms) = postSolution
		{151CB22C-484B-45F2-9F0E-FD1E9B1864EF}.Debug|Any CPU.ActiveCfg = Debug|Any CPU
		{151CB22C-484B-45F2-9F0E-FD1E9B1864EF}.Debug|Any CPU.Build.0 = Debug|Any CPU
		{151CB22C-484B-45F2-9F0E-FD1E9B1864EF}.Release|Any CPU.ActiveCfg = Release|Any CPU
		{151CB22C-484B-45F2-9F0E-FD1E9B1864EF}.Release|Any CPU.Build.0 = Release|Any CPU
		{52DE9A80-E28E-4D63-B9E4-97529E791140}.Debug|Any CPU.ActiveCfg = Debug|Any CPU
		{52DE9A80-E28E-4D63-B9E4-97529E791140}.Debug|Any CPU.Build.0 = Debug|Any CPU
		{52DE9A80-E28E-4D63-B9E4-97529E791140}.Release|Any CPU.ActiveCfg = Release|Any CPU
		{52DE9A80-E28E-4D63-B9E4-97529E791140}.Release|Any CPU.Build.0 = Release|Any CPU
		{75CF45AE-0653-485E-9922-6D43DFA696C6}.Debug|Any CPU.ActiveCfg = Debug|Any CPU
		{75CF45AE-0653-485E-9922-6D43DFA696C6}.Debug|Any CPU.Build.0 = Debug|Any CPU
		{75CF45AE-0653-485E-9922-6D43DFA696C6}.Release|Any CPU.ActiveCfg = Release|Any CPU
		{75CF45AE-0653-485E-9922-6D43DFA696C6}.Release|Any CPU.Build.0 = Release|Any CPU
		{2D285BEA-D7A1-4F84-9542-6651A0A5F1AA}.Debug|Any CPU.ActiveCfg = Debug|Any CPU
		{2D285BEA-D7A1-4F84-9542-6651A0A5F1AA}.Debug|Any CPU.Build.0 = Debug|Any CPU
		{2D285BEA-D7A1-4F84-9542-6651A0A5F1AA}.Release|Any CPU.ActiveCfg = Release|Any CPU
		{2D285BEA-D7A1-4F84-9542-6651A0A5F1AA}.Release|Any CPU.Build.0 = Release|Any CPU
		{E01388BF-64F3-4B83-95C2-E8FBD8F31C1D}.Debug|Any CPU.ActiveCfg = Debug|Any CPU
		{E01388BF-64F3-4B83-95C2-E8FBD8F31C1D}.Debug|Any CPU.Build.0 = Debug|Any CPU
		{E01388BF-64F3-4B83-95C2-E8FBD8F31C1D}.Release|Any CPU.ActiveCfg = Release|Any CPU
		{E01388BF-64F3-4B83-95C2-E8FBD8F31C1D}.Release|Any CPU.Build.0 = Release|Any CPU
	EndGlobalSection
	GlobalSection(SolutionProperties) = preSolution
		HideSolutionNode = FALSE
	EndGlobalSection
	GlobalSection(ExtensibilityGlobals) = postSolution
		SolutionGuid = {F0543030-FC6D-4745-A4CE-DBE6358C0A16}
	EndGlobalSection
EndGlobal
