
Microsoft Visual Studio Solution File, Format Version 12.00
# Visual Studio 15
VisualStudioVersion = 15.0.27004.2010
MinimumVisualStudioVersion = 10.0.40219.1
Project("{FAE04EC0-301F-11D3-BF4B-00C04F79EFBC}") = "01. Hello, Name!", "01. Hello, Name!\01. Hello, Name!.csproj", "{672D9A2E-DBCE-4559-82DF-BCC15731FC06}"
EndProject
Project("{FAE04EC0-301F-11D3-BF4B-00C04F79EFBC}") = "02. Max Method", "02. Max Method\02. Max Method.csproj", "{F2B53F78-CA1B-4056-B7E8-23B43E955E1D}"
EndProject
Project("{FAE04EC0-301F-11D3-BF4B-00C04F79EFBC}") = "03. English Name of Last Digit", "03. English Name of Last Digit\03. English Name of Last Digit.csproj", "{369A3C11-3E2F-4B73-87A4-E8B0B10B9592}"
EndProject
Global
	GlobalSection(SolutionConfigurationPlatforms) = preSolution
		Debug|Any CPU = Debug|Any CPU
		Release|Any CPU = Release|Any CPU
	EndGlobalSection
	GlobalSection(ProjectConfigurationPlatforms) = postSolution
		{672D9A2E-DBCE-4559-82DF-BCC15731FC06}.Debug|Any CPU.ActiveCfg = Debug|Any CPU
		{672D9A2E-DBCE-4559-82DF-BCC15731FC06}.Debug|Any CPU.Build.0 = Debug|Any CPU
		{672D9A2E-DBCE-4559-82DF-BCC15731FC06}.Release|Any CPU.ActiveCfg = Release|Any CPU
		{672D9A2E-DBCE-4559-82DF-BCC15731FC06}.Release|Any CPU.Build.0 = Release|Any CPU
		{F2B53F78-CA1B-4056-B7E8-23B43E955E1D}.Debug|Any CPU.ActiveCfg = Debug|Any CPU
		{F2B53F78-CA1B-4056-B7E8-23B43E955E1D}.Debug|Any CPU.Build.0 = Debug|Any CPU
		{F2B53F78-CA1B-4056-B7E8-23B43E955E1D}.Release|Any CPU.ActiveCfg = Release|Any CPU
		{F2B53F78-CA1B-4056-B7E8-23B43E955E1D}.Release|Any CPU.Build.0 = Release|Any CPU
		{369A3C11-3E2F-4B73-87A4-E8B0B10B9592}.Debug|Any CPU.ActiveCfg = Debug|Any CPU
		{369A3C11-3E2F-4B73-87A4-E8B0B10B9592}.Debug|Any CPU.Build.0 = Debug|Any CPU
		{369A3C11-3E2F-4B73-87A4-E8B0B10B9592}.Release|Any CPU.ActiveCfg = Release|Any CPU
		{369A3C11-3E2F-4B73-87A4-E8B0B10B9592}.Release|Any CPU.Build.0 = Release|Any CPU
	EndGlobalSection
	GlobalSection(SolutionProperties) = preSolution
		HideSolutionNode = FALSE
	EndGlobalSection
	GlobalSection(ExtensibilityGlobals) = postSolution
		SolutionGuid = {F74865E9-F09B-4612-9F33-D930FEC89F19}
	EndGlobalSection
EndGlobal
