
Microsoft Visual Studio Solution File, Format Version 12.00
# Visual Studio 15
VisualStudioVersion = 15.0.27004.2010
MinimumVisualStudioVersion = 10.0.40219.1
Project("{FAE04EC0-301F-11D3-BF4B-00C04F79EFBC}") = "01. Blank Receipt", "01. Blank Receipt\01. Blank Receipt.csproj", "{AAD8DF27-A790-4CC2-9551-AC5D12F238EC}"
EndProject
Project("{FAE04EC0-301F-11D3-BF4B-00C04F79EFBC}") = "02. Sign of Integer Number", "02. Sign of Integer Number\02. Sign of Integer Number.csproj", "{DEE79E74-CE1C-4D79-8C6B-289F0AA6B8E5}"
EndProject
Project("{FAE04EC0-301F-11D3-BF4B-00C04F79EFBC}") = "03. Printing Triangle", "03. Printing Triangle\03. Printing Triangle.csproj", "{7ED1B222-BB6A-4EDF-A8E8-9B2F2FB03332}"
EndProject
Global
	GlobalSection(SolutionConfigurationPlatforms) = preSolution
		Debug|Any CPU = Debug|Any CPU
		Release|Any CPU = Release|Any CPU
	EndGlobalSection
	GlobalSection(ProjectConfigurationPlatforms) = postSolution
		{AAD8DF27-A790-4CC2-9551-AC5D12F238EC}.Debug|Any CPU.ActiveCfg = Debug|Any CPU
		{AAD8DF27-A790-4CC2-9551-AC5D12F238EC}.Debug|Any CPU.Build.0 = Debug|Any CPU
		{AAD8DF27-A790-4CC2-9551-AC5D12F238EC}.Release|Any CPU.ActiveCfg = Release|Any CPU
		{AAD8DF27-A790-4CC2-9551-AC5D12F238EC}.Release|Any CPU.Build.0 = Release|Any CPU
		{DEE79E74-CE1C-4D79-8C6B-289F0AA6B8E5}.Debug|Any CPU.ActiveCfg = Debug|Any CPU
		{DEE79E74-CE1C-4D79-8C6B-289F0AA6B8E5}.Debug|Any CPU.Build.0 = Debug|Any CPU
		{DEE79E74-CE1C-4D79-8C6B-289F0AA6B8E5}.Release|Any CPU.ActiveCfg = Release|Any CPU
		{DEE79E74-CE1C-4D79-8C6B-289F0AA6B8E5}.Release|Any CPU.Build.0 = Release|Any CPU
		{7ED1B222-BB6A-4EDF-A8E8-9B2F2FB03332}.Debug|Any CPU.ActiveCfg = Debug|Any CPU
		{7ED1B222-BB6A-4EDF-A8E8-9B2F2FB03332}.Debug|Any CPU.Build.0 = Debug|Any CPU
		{7ED1B222-BB6A-4EDF-A8E8-9B2F2FB03332}.Release|Any CPU.ActiveCfg = Release|Any CPU
		{7ED1B222-BB6A-4EDF-A8E8-9B2F2FB03332}.Release|Any CPU.Build.0 = Release|Any CPU
	EndGlobalSection
	GlobalSection(SolutionProperties) = preSolution
		HideSolutionNode = FALSE
	EndGlobalSection
	GlobalSection(ExtensibilityGlobals) = postSolution
		SolutionGuid = {61DA0ADC-C59C-4073-97ED-0671367B95FD}
	EndGlobalSection
EndGlobal
