
Microsoft Visual Studio Solution File, Format Version 12.00
# Visual Studio 15
VisualStudioVersion = 15.0.27004.2010
MinimumVisualStudioVersion = 10.0.40219.1
Project("{FAE04EC0-301F-11D3-BF4B-00C04F79EFBC}") = "01. Blank Receipt", "01. Blank Receipt\01. Blank Receipt.csproj", "{AAD8DF27-A790-4CC2-9551-AC5D12F238EC}"
EndProject
Project("{FAE04EC0-301F-11D3-BF4B-00C04F79EFBC}") = "02. Sign of Integer Number", "02. Sign of Integer Number\02. Sign of Integer Number.csproj", "{DEE79E74-CE1C-4D79-8C6B-289F0AA6B8E5}"
EndProject
Project("{FAE04EC0-301F-11D3-BF4B-00C04F79EFBC}") = "03. Printing Triangle", "03. Printing Triangle\03. Printing Triangle.csproj", "{7ED1B222-BB6A-4EDF-A8E8-9B2F2FB03332}"
EndProject
Project("{FAE04EC0-301F-11D3-BF4B-00C04F79EFBC}") = "04. Draw a Filled Square", "04. Draw a Filled Square\04. Draw a Filled Square.csproj", "{921FA247-2670-4524-870D-C24DF87429ED}"
EndProject
Project("{FAE04EC0-301F-11D3-BF4B-00C04F79EFBC}") = "05. Temperature Conversion", "05. Temperature Conversion\05. Temperature Conversion.csproj", "{7EA181BB-2B75-457B-8528-245D09FB6609}"
EndProject
Project("{FAE04EC0-301F-11D3-BF4B-00C04F79EFBC}") = "06. Calculate Triangle Area", "06. Calculate Triangle Area\06. Calculate Triangle Area.csproj", "{E4132D19-BE13-4AB3-9846-3A94DC53F9D1}"
EndProject
Project("{FAE04EC0-301F-11D3-BF4B-00C04F79EFBC}") = "07. Math Power", "07. Math Power\07. Math Power.csproj", "{A68E857B-B3D0-471C-B2A0-A883A5DDF81A}"
EndProject
Project("{FAE04EC0-301F-11D3-BF4B-00C04F79EFBC}") = "08. Greater of Two Values", "08. Greater of Two Values\08. Greater of Two Values.csproj", "{B50A41DB-8749-4E49-9190-7B53AF15CA7A}"
EndProject
Project("{FAE04EC0-301F-11D3-BF4B-00C04F79EFBC}") = "09. Multiply Evens by Odds", "09. Multiply Evens by Odds\09. Multiply Evens by Odds.csproj", "{66CAB6BA-8428-451A-8AD2-1325A41FBB38}"
EndProject
Project("{FAE04EC0-301F-11D3-BF4B-00C04F79EFBC}") = "10. Holidays Between Two Dates", "10. Holidays Between Two Dates\10. Holidays Between Two Dates.csproj", "{20066DBB-1058-4E45-9222-DF11C77FF43C}"
EndProject
Project("{FAE04EC0-301F-11D3-BF4B-00C04F79EFBC}") = "11. Price Change Alert", "11. Price Change Alert\11. Price Change Alert.csproj", "{803400A7-73FE-4AEE-B495-DB47C2F2389D}"
EndProject
Global
	GlobalSection(SolutionConfigurationPlatforms) = preSolution
		Debug|Any CPU = Debug|Any CPU
		Release|Any CPU = Release|Any CPU
	EndGlobalSection
	GlobalSection(ProjectConfigurationPlatforms) = postSolution
		{AAD8DF27-A790-4CC2-9551-AC5D12F238EC}.Debug|Any CPU.ActiveCfg = Debug|Any CPU
		{AAD8DF27-A790-4CC2-9551-AC5D12F238EC}.Debug|Any CPU.Build.0 = Debug|Any CPU
		{AAD8DF27-A790-4CC2-9551-AC5D12F238EC}.Release|Any CPU.ActiveCfg = Release|Any CPU
		{AAD8DF27-A790-4CC2-9551-AC5D12F238EC}.Release|Any CPU.Build.0 = Release|Any CPU
		{DEE79E74-CE1C-4D79-8C6B-289F0AA6B8E5}.Debug|Any CPU.ActiveCfg = Debug|Any CPU
		{DEE79E74-CE1C-4D79-8C6B-289F0AA6B8E5}.Debug|Any CPU.Build.0 = Debug|Any CPU
		{DEE79E74-CE1C-4D79-8C6B-289F0AA6B8E5}.Release|Any CPU.ActiveCfg = Release|Any CPU
		{DEE79E74-CE1C-4D79-8C6B-289F0AA6B8E5}.Release|Any CPU.Build.0 = Release|Any CPU
		{7ED1B222-BB6A-4EDF-A8E8-9B2F2FB03332}.Debug|Any CPU.ActiveCfg = Debug|Any CPU
		{7ED1B222-BB6A-4EDF-A8E8-9B2F2FB03332}.Debug|Any CPU.Build.0 = Debug|Any CPU
		{7ED1B222-BB6A-4EDF-A8E8-9B2F2FB03332}.Release|Any CPU.ActiveCfg = Release|Any CPU
		{7ED1B222-BB6A-4EDF-A8E8-9B2F2FB03332}.Release|Any CPU.Build.0 = Release|Any CPU
		{921FA247-2670-4524-870D-C24DF87429ED}.Debug|Any CPU.ActiveCfg = Debug|Any CPU
		{921FA247-2670-4524-870D-C24DF87429ED}.Debug|Any CPU.Build.0 = Debug|Any CPU
		{921FA247-2670-4524-870D-C24DF87429ED}.Release|Any CPU.ActiveCfg = Release|Any CPU
		{921FA247-2670-4524-870D-C24DF87429ED}.Release|Any CPU.Build.0 = Release|Any CPU
		{7EA181BB-2B75-457B-8528-245D09FB6609}.Debug|Any CPU.ActiveCfg = Debug|Any CPU
		{7EA181BB-2B75-457B-8528-245D09FB6609}.Debug|Any CPU.Build.0 = Debug|Any CPU
		{7EA181BB-2B75-457B-8528-245D09FB6609}.Release|Any CPU.ActiveCfg = Release|Any CPU
		{7EA181BB-2B75-457B-8528-245D09FB6609}.Release|Any CPU.Build.0 = Release|Any CPU
		{E4132D19-BE13-4AB3-9846-3A94DC53F9D1}.Debug|Any CPU.ActiveCfg = Debug|Any CPU
		{E4132D19-BE13-4AB3-9846-3A94DC53F9D1}.Debug|Any CPU.Build.0 = Debug|Any CPU
		{E4132D19-BE13-4AB3-9846-3A94DC53F9D1}.Release|Any CPU.ActiveCfg = Release|Any CPU
		{E4132D19-BE13-4AB3-9846-3A94DC53F9D1}.Release|Any CPU.Build.0 = Release|Any CPU
		{A68E857B-B3D0-471C-B2A0-A883A5DDF81A}.Debug|Any CPU.ActiveCfg = Debug|Any CPU
		{A68E857B-B3D0-471C-B2A0-A883A5DDF81A}.Debug|Any CPU.Build.0 = Debug|Any CPU
		{A68E857B-B3D0-471C-B2A0-A883A5DDF81A}.Release|Any CPU.ActiveCfg = Release|Any CPU
		{A68E857B-B3D0-471C-B2A0-A883A5DDF81A}.Release|Any CPU.Build.0 = Release|Any CPU
		{B50A41DB-8749-4E49-9190-7B53AF15CA7A}.Debug|Any CPU.ActiveCfg = Debug|Any CPU
		{B50A41DB-8749-4E49-9190-7B53AF15CA7A}.Debug|Any CPU.Build.0 = Debug|Any CPU
		{B50A41DB-8749-4E49-9190-7B53AF15CA7A}.Release|Any CPU.ActiveCfg = Release|Any CPU
		{B50A41DB-8749-4E49-9190-7B53AF15CA7A}.Release|Any CPU.Build.0 = Release|Any CPU
		{66CAB6BA-8428-451A-8AD2-1325A41FBB38}.Debug|Any CPU.ActiveCfg = Debug|Any CPU
		{66CAB6BA-8428-451A-8AD2-1325A41FBB38}.Debug|Any CPU.Build.0 = Debug|Any CPU
		{66CAB6BA-8428-451A-8AD2-1325A41FBB38}.Release|Any CPU.ActiveCfg = Release|Any CPU
		{66CAB6BA-8428-451A-8AD2-1325A41FBB38}.Release|Any CPU.Build.0 = Release|Any CPU
		{20066DBB-1058-4E45-9222-DF11C77FF43C}.Debug|Any CPU.ActiveCfg = Debug|Any CPU
		{20066DBB-1058-4E45-9222-DF11C77FF43C}.Debug|Any CPU.Build.0 = Debug|Any CPU
		{20066DBB-1058-4E45-9222-DF11C77FF43C}.Release|Any CPU.ActiveCfg = Release|Any CPU
		{20066DBB-1058-4E45-9222-DF11C77FF43C}.Release|Any CPU.Build.0 = Release|Any CPU
		{803400A7-73FE-4AEE-B495-DB47C2F2389D}.Debug|Any CPU.ActiveCfg = Debug|Any CPU
		{803400A7-73FE-4AEE-B495-DB47C2F2389D}.Debug|Any CPU.Build.0 = Debug|Any CPU
		{803400A7-73FE-4AEE-B495-DB47C2F2389D}.Release|Any CPU.ActiveCfg = Release|Any CPU
		{803400A7-73FE-4AEE-B495-DB47C2F2389D}.Release|Any CPU.Build.0 = Release|Any CPU
	EndGlobalSection
	GlobalSection(SolutionProperties) = preSolution
		HideSolutionNode = FALSE
	EndGlobalSection
	GlobalSection(ExtensibilityGlobals) = postSolution
		SolutionGuid = {61DA0ADC-C59C-4073-97ED-0671367B95FD}
	EndGlobalSection
EndGlobal
