
Microsoft Visual Studio Solution File, Format Version 12.00
# Visual Studio 15
VisualStudioVersion = 15.0.27004.2010
MinimumVisualStudioVersion = 10.0.40219.1
Project("{FAE04EC0-301F-11D3-BF4B-00C04F79EFBC}") = "01. Day of Week", "01. Day of Week\01. Day of Week.csproj", "{60847641-4B20-4C23-BF79-82681772960A}"
EndProject
Project("{FAE04EC0-301F-11D3-BF4B-00C04F79EFBC}") = "02. Reverse Array of Integers", "02. Reverse Array of Integers\02. Reverse Array of Integers.csproj", "{8DB8F208-36D2-4B82-AFED-3740CB7A94F5}"
EndProject
Project("{FAE04EC0-301F-11D3-BF4B-00C04F79EFBC}") = "03. Last K Numbers Sums", "03. Last K Numbers Sums\03. Last K Numbers Sums.csproj", "{E3428F4D-AAF3-4259-9EE8-BBFF2C5FD772}"
EndProject
Project("{FAE04EC0-301F-11D3-BF4B-00C04F79EFBC}") = "04. Triple Sum", "04. Triple Sum\04. Triple Sum.csproj", "{A7820359-D9F4-4D1D-95D7-4191918DCB8F}"
EndProject
Global
	GlobalSection(SolutionConfigurationPlatforms) = preSolution
		Debug|Any CPU = Debug|Any CPU
		Release|Any CPU = Release|Any CPU
	EndGlobalSection
	GlobalSection(ProjectConfigurationPlatforms) = postSolution
		{60847641-4B20-4C23-BF79-82681772960A}.Debug|Any CPU.ActiveCfg = Debug|Any CPU
		{60847641-4B20-4C23-BF79-82681772960A}.Debug|Any CPU.Build.0 = Debug|Any CPU
		{60847641-4B20-4C23-BF79-82681772960A}.Release|Any CPU.ActiveCfg = Release|Any CPU
		{60847641-4B20-4C23-BF79-82681772960A}.Release|Any CPU.Build.0 = Release|Any CPU
		{8DB8F208-36D2-4B82-AFED-3740CB7A94F5}.Debug|Any CPU.ActiveCfg = Debug|Any CPU
		{8DB8F208-36D2-4B82-AFED-3740CB7A94F5}.Debug|Any CPU.Build.0 = Debug|Any CPU
		{8DB8F208-36D2-4B82-AFED-3740CB7A94F5}.Release|Any CPU.ActiveCfg = Release|Any CPU
		{8DB8F208-36D2-4B82-AFED-3740CB7A94F5}.Release|Any CPU.Build.0 = Release|Any CPU
		{E3428F4D-AAF3-4259-9EE8-BBFF2C5FD772}.Debug|Any CPU.ActiveCfg = Debug|Any CPU
		{E3428F4D-AAF3-4259-9EE8-BBFF2C5FD772}.Debug|Any CPU.Build.0 = Debug|Any CPU
		{E3428F4D-AAF3-4259-9EE8-BBFF2C5FD772}.Release|Any CPU.ActiveCfg = Release|Any CPU
		{E3428F4D-AAF3-4259-9EE8-BBFF2C5FD772}.Release|Any CPU.Build.0 = Release|Any CPU
		{A7820359-D9F4-4D1D-95D7-4191918DCB8F}.Debug|Any CPU.ActiveCfg = Debug|Any CPU
		{A7820359-D9F4-4D1D-95D7-4191918DCB8F}.Debug|Any CPU.Build.0 = Debug|Any CPU
		{A7820359-D9F4-4D1D-95D7-4191918DCB8F}.Release|Any CPU.ActiveCfg = Release|Any CPU
		{A7820359-D9F4-4D1D-95D7-4191918DCB8F}.Release|Any CPU.Build.0 = Release|Any CPU
	EndGlobalSection
	GlobalSection(SolutionProperties) = preSolution
		HideSolutionNode = FALSE
	EndGlobalSection
	GlobalSection(ExtensibilityGlobals) = postSolution
		SolutionGuid = {4855677C-D766-449B-9AE7-C164629E3166}
	EndGlobalSection
EndGlobal
