
Microsoft Visual Studio Solution File, Format Version 12.00
# Visual Studio 15
VisualStudioVersion = 15.0.27004.2010
MinimumVisualStudioVersion = 10.0.40219.1
Project("{FAE04EC0-301F-11D3-BF4B-00C04F79EFBC}") = "01. Passed", "01. Passed\01. Passed.csproj", "{B87395B7-0A80-4BC8-8DF6-7F12FE19269F}"
EndProject
Project("{FAE04EC0-301F-11D3-BF4B-00C04F79EFBC}") = "02. Passed or Failed", "02. Passed or Failed\02. Passed or Failed.csproj", "{3F9EEA63-653F-4636-9EDC-5422665CE625}"
EndProject
Project("{FAE04EC0-301F-11D3-BF4B-00C04F79EFBC}") = "03. Back in 30 Minutes", "03. Back in 30 Minutes\03. Back in 30 Minutes.csproj", "{5CB191D3-E81F-421D-9E91-07E3190637A6}"
EndProject
Global
	GlobalSection(SolutionConfigurationPlatforms) = preSolution
		Debug|Any CPU = Debug|Any CPU
		Release|Any CPU = Release|Any CPU
	EndGlobalSection
	GlobalSection(ProjectConfigurationPlatforms) = postSolution
		{B87395B7-0A80-4BC8-8DF6-7F12FE19269F}.Debug|Any CPU.ActiveCfg = Debug|Any CPU
		{B87395B7-0A80-4BC8-8DF6-7F12FE19269F}.Debug|Any CPU.Build.0 = Debug|Any CPU
		{B87395B7-0A80-4BC8-8DF6-7F12FE19269F}.Release|Any CPU.ActiveCfg = Release|Any CPU
		{B87395B7-0A80-4BC8-8DF6-7F12FE19269F}.Release|Any CPU.Build.0 = Release|Any CPU
		{3F9EEA63-653F-4636-9EDC-5422665CE625}.Debug|Any CPU.ActiveCfg = Debug|Any CPU
		{3F9EEA63-653F-4636-9EDC-5422665CE625}.Debug|Any CPU.Build.0 = Debug|Any CPU
		{3F9EEA63-653F-4636-9EDC-5422665CE625}.Release|Any CPU.ActiveCfg = Release|Any CPU
		{3F9EEA63-653F-4636-9EDC-5422665CE625}.Release|Any CPU.Build.0 = Release|Any CPU
		{5CB191D3-E81F-421D-9E91-07E3190637A6}.Debug|Any CPU.ActiveCfg = Debug|Any CPU
		{5CB191D3-E81F-421D-9E91-07E3190637A6}.Debug|Any CPU.Build.0 = Debug|Any CPU
		{5CB191D3-E81F-421D-9E91-07E3190637A6}.Release|Any CPU.ActiveCfg = Release|Any CPU
		{5CB191D3-E81F-421D-9E91-07E3190637A6}.Release|Any CPU.Build.0 = Release|Any CPU
	EndGlobalSection
	GlobalSection(SolutionProperties) = preSolution
		HideSolutionNode = FALSE
	EndGlobalSection
	GlobalSection(ExtensibilityGlobals) = postSolution
		SolutionGuid = {EF7C4B85-20AF-4C77-AEFD-EF27EFAC1489}
	EndGlobalSection
EndGlobal
