
Microsoft Visual Studio Solution File, Format Version 12.00
# Visual Studio 15
VisualStudioVersion = 15.0.27004.2010
MinimumVisualStudioVersion = 10.0.40219.1
Project("{FAE04EC0-301F-11D3-BF4B-00C04F79EFBC}") = "01. Greeting", "01. Greeting\01. Greeting.csproj", "{0275B28F-3391-41ED-B87E-4EFE1452B4D1}"
EndProject
Project("{FAE04EC0-301F-11D3-BF4B-00C04F79EFBC}") = "02. Add Two Numbers", "02. Add Two Numbers\02. Add Two Numbers.csproj", "{BE57EB7F-61D0-48AD-8ED9-A6A1A4C31FE0}"
EndProject
Project("{FAE04EC0-301F-11D3-BF4B-00C04F79EFBC}") = "03. Employee Data", "03. Employee Data\03. Employee Data.csproj", "{8E1AD953-4E2A-4E9A-AA77-3D8CB849E15D}"
EndProject
Global
	GlobalSection(SolutionConfigurationPlatforms) = preSolution
		Debug|Any CPU = Debug|Any CPU
		Release|Any CPU = Release|Any CPU
	EndGlobalSection
	GlobalSection(ProjectConfigurationPlatforms) = postSolution
		{0275B28F-3391-41ED-B87E-4EFE1452B4D1}.Debug|Any CPU.ActiveCfg = Debug|Any CPU
		{0275B28F-3391-41ED-B87E-4EFE1452B4D1}.Debug|Any CPU.Build.0 = Debug|Any CPU
		{0275B28F-3391-41ED-B87E-4EFE1452B4D1}.Release|Any CPU.ActiveCfg = Release|Any CPU
		{0275B28F-3391-41ED-B87E-4EFE1452B4D1}.Release|Any CPU.Build.0 = Release|Any CPU
		{BE57EB7F-61D0-48AD-8ED9-A6A1A4C31FE0}.Debug|Any CPU.ActiveCfg = Debug|Any CPU
		{BE57EB7F-61D0-48AD-8ED9-A6A1A4C31FE0}.Debug|Any CPU.Build.0 = Debug|Any CPU
		{BE57EB7F-61D0-48AD-8ED9-A6A1A4C31FE0}.Release|Any CPU.ActiveCfg = Release|Any CPU
		{BE57EB7F-61D0-48AD-8ED9-A6A1A4C31FE0}.Release|Any CPU.Build.0 = Release|Any CPU
		{8E1AD953-4E2A-4E9A-AA77-3D8CB849E15D}.Debug|Any CPU.ActiveCfg = Debug|Any CPU
		{8E1AD953-4E2A-4E9A-AA77-3D8CB849E15D}.Debug|Any CPU.Build.0 = Debug|Any CPU
		{8E1AD953-4E2A-4E9A-AA77-3D8CB849E15D}.Release|Any CPU.ActiveCfg = Release|Any CPU
		{8E1AD953-4E2A-4E9A-AA77-3D8CB849E15D}.Release|Any CPU.Build.0 = Release|Any CPU
	EndGlobalSection
	GlobalSection(SolutionProperties) = preSolution
		HideSolutionNode = FALSE
	EndGlobalSection
	GlobalSection(ExtensibilityGlobals) = postSolution
		SolutionGuid = {A9C8C7CB-0467-48FE-BD34-8E208B62138C}
	EndGlobalSection
EndGlobal
