
Microsoft Visual Studio Solution File, Format Version 12.00
# Visual Studio 15
VisualStudioVersion = 15.0.27004.2010
MinimumVisualStudioVersion = 10.0.40219.1
Project("{FAE04EC0-301F-11D3-BF4B-00C04F79EFBC}") = "01. Centuries to Minutes", "01. Centuries to Minutes\01. Centuries to Minutes.csproj", "{BA55485F-5566-498A-B29A-E32766B66931}"
EndProject
Project("{FAE04EC0-301F-11D3-BF4B-00C04F79EFBC}") = "02. Circle Area (Precision 12)", "02. Circle Area (Precision 12)\02. Circle Area (Precision 12).csproj", "{32BDBD9B-CB95-45FE-BB91-EB13CB29087C}"
EndProject
Project("{FAE04EC0-301F-11D3-BF4B-00C04F79EFBC}") = "03. Exact Sum of Real Numbers", "03. Exact Sum of Real Numbers\03. Exact Sum of Real Numbers.csproj", "{FCBB0E6B-0DC2-4D55-9213-62692B5CBEF3}"
EndProject
Project("{FAE04EC0-301F-11D3-BF4B-00C04F79EFBC}") = "04. Elevator", "04. Elevator\04. Elevator.csproj", "{179D62E4-92A9-4889-9448-949526F580FB}"
EndProject
Project("{FAE04EC0-301F-11D3-BF4B-00C04F79EFBC}") = "05. Special Numbers", "05. Special Numbers\05. Special Numbers.csproj", "{6F432098-001A-4B4A-ACDE-91B355E47EA6}"
EndProject
Project("{FAE04EC0-301F-11D3-BF4B-00C04F79EFBC}") = "06. Triples of Letters", "06. Triples of Letters\06. Triples of Letters.csproj", "{3C357218-7285-46D6-9A46-439D6A3FB2DA}"
EndProject
Project("{FAE04EC0-301F-11D3-BF4B-00C04F79EFBC}") = "07. Greeting", "07. Greeting\07. Greeting.csproj", "{651E4DF3-166F-47E5-BAF3-96269D981A04}"
EndProject
Project("{FAE04EC0-301F-11D3-BF4B-00C04F79EFBC}") = "08. Refactor Volume of Pyramid", "08. Refactor Volume of Pyramid\08. Refactor Volume of Pyramid.csproj", "{EF939FA3-372C-4050-863F-F57346FFDFE5}"
EndProject
Project("{FAE04EC0-301F-11D3-BF4B-00C04F79EFBC}") = "09. Refactor Special Numbers", "09. Refactor Special Numbers\09. Refactor Special Numbers.csproj", "{8FF6D6F3-DD48-4D20-8932-29A9799D3324}"
EndProject
Global
	GlobalSection(SolutionConfigurationPlatforms) = preSolution
		Debug|Any CPU = Debug|Any CPU
		Release|Any CPU = Release|Any CPU
	EndGlobalSection
	GlobalSection(ProjectConfigurationPlatforms) = postSolution
		{BA55485F-5566-498A-B29A-E32766B66931}.Debug|Any CPU.ActiveCfg = Debug|Any CPU
		{BA55485F-5566-498A-B29A-E32766B66931}.Debug|Any CPU.Build.0 = Debug|Any CPU
		{BA55485F-5566-498A-B29A-E32766B66931}.Release|Any CPU.ActiveCfg = Release|Any CPU
		{BA55485F-5566-498A-B29A-E32766B66931}.Release|Any CPU.Build.0 = Release|Any CPU
		{32BDBD9B-CB95-45FE-BB91-EB13CB29087C}.Debug|Any CPU.ActiveCfg = Debug|Any CPU
		{32BDBD9B-CB95-45FE-BB91-EB13CB29087C}.Debug|Any CPU.Build.0 = Debug|Any CPU
		{32BDBD9B-CB95-45FE-BB91-EB13CB29087C}.Release|Any CPU.ActiveCfg = Release|Any CPU
		{32BDBD9B-CB95-45FE-BB91-EB13CB29087C}.Release|Any CPU.Build.0 = Release|Any CPU
		{FCBB0E6B-0DC2-4D55-9213-62692B5CBEF3}.Debug|Any CPU.ActiveCfg = Debug|Any CPU
		{FCBB0E6B-0DC2-4D55-9213-62692B5CBEF3}.Debug|Any CPU.Build.0 = Debug|Any CPU
		{FCBB0E6B-0DC2-4D55-9213-62692B5CBEF3}.Release|Any CPU.ActiveCfg = Release|Any CPU
		{FCBB0E6B-0DC2-4D55-9213-62692B5CBEF3}.Release|Any CPU.Build.0 = Release|Any CPU
		{179D62E4-92A9-4889-9448-949526F580FB}.Debug|Any CPU.ActiveCfg = Debug|Any CPU
		{179D62E4-92A9-4889-9448-949526F580FB}.Debug|Any CPU.Build.0 = Debug|Any CPU
		{179D62E4-92A9-4889-9448-949526F580FB}.Release|Any CPU.ActiveCfg = Release|Any CPU
		{179D62E4-92A9-4889-9448-949526F580FB}.Release|Any CPU.Build.0 = Release|Any CPU
		{6F432098-001A-4B4A-ACDE-91B355E47EA6}.Debug|Any CPU.ActiveCfg = Debug|Any CPU
		{6F432098-001A-4B4A-ACDE-91B355E47EA6}.Debug|Any CPU.Build.0 = Debug|Any CPU
		{6F432098-001A-4B4A-ACDE-91B355E47EA6}.Release|Any CPU.ActiveCfg = Release|Any CPU
		{6F432098-001A-4B4A-ACDE-91B355E47EA6}.Release|Any CPU.Build.0 = Release|Any CPU
		{3C357218-7285-46D6-9A46-439D6A3FB2DA}.Debug|Any CPU.ActiveCfg = Debug|Any CPU
		{3C357218-7285-46D6-9A46-439D6A3FB2DA}.Debug|Any CPU.Build.0 = Debug|Any CPU
		{3C357218-7285-46D6-9A46-439D6A3FB2DA}.Release|Any CPU.ActiveCfg = Release|Any CPU
		{3C357218-7285-46D6-9A46-439D6A3FB2DA}.Release|Any CPU.Build.0 = Release|Any CPU
		{651E4DF3-166F-47E5-BAF3-96269D981A04}.Debug|Any CPU.ActiveCfg = Debug|Any CPU
		{651E4DF3-166F-47E5-BAF3-96269D981A04}.Debug|Any CPU.Build.0 = Debug|Any CPU
		{651E4DF3-166F-47E5-BAF3-96269D981A04}.Release|Any CPU.ActiveCfg = Release|Any CPU
		{651E4DF3-166F-47E5-BAF3-96269D981A04}.Release|Any CPU.Build.0 = Release|Any CPU
		{EF939FA3-372C-4050-863F-F57346FFDFE5}.Debug|Any CPU.ActiveCfg = Debug|Any CPU
		{EF939FA3-372C-4050-863F-F57346FFDFE5}.Debug|Any CPU.Build.0 = Debug|Any CPU
		{EF939FA3-372C-4050-863F-F57346FFDFE5}.Release|Any CPU.ActiveCfg = Release|Any CPU
		{EF939FA3-372C-4050-863F-F57346FFDFE5}.Release|Any CPU.Build.0 = Release|Any CPU
		{8FF6D6F3-DD48-4D20-8932-29A9799D3324}.Debug|Any CPU.ActiveCfg = Debug|Any CPU
		{8FF6D6F3-DD48-4D20-8932-29A9799D3324}.Debug|Any CPU.Build.0 = Debug|Any CPU
		{8FF6D6F3-DD48-4D20-8932-29A9799D3324}.Release|Any CPU.ActiveCfg = Release|Any CPU
		{8FF6D6F3-DD48-4D20-8932-29A9799D3324}.Release|Any CPU.Build.0 = Release|Any CPU
	EndGlobalSection
	GlobalSection(SolutionProperties) = preSolution
		HideSolutionNode = FALSE
	EndGlobalSection
	GlobalSection(ExtensibilityGlobals) = postSolution
		SolutionGuid = {1978A816-5762-4CD3-A444-8B1C1BE3A9D9}
	EndGlobalSection
EndGlobal
