
Microsoft Visual Studio Solution File, Format Version 12.00
# Visual Studio 15
VisualStudioVersion = 15.0.27004.2010
MinimumVisualStudioVersion = 10.0.40219.1
Project("{FAE04EC0-301F-11D3-BF4B-00C04F79EFBC}") = "01. Extract Emails", "01. Extract Emails\01. Extract Emails.csproj", "{C2C3E486-4EE6-49A2-B50F-2341C1A6659F}"
EndProject
Project("{FAE04EC0-301F-11D3-BF4B-00C04F79EFBC}") = "02. Extract Sentences by Keyword", "02. Extract Sentences by Keyword\02. Extract Sentences by Keyword.csproj", "{18384276-E992-4364-9F7C-CB499E0A9FCA}"
EndProject
Project("{FAE04EC0-301F-11D3-BF4B-00C04F79EFBC}") = "03. Camera View", "03. Camera View\03. Camera View.csproj", "{40914AD3-7F23-45CA-BD10-A22150B6581F}"
EndProject
Project("{FAE04EC0-301F-11D3-BF4B-00C04F79EFBC}") = "04. Weather", "04. Weather\04. Weather.csproj", "{FED83B75-0568-4B51-A8EF-CFDC89E26AA5}"
EndProject
Project("{FAE04EC0-301F-11D3-BF4B-00C04F79EFBC}") = "05. Key Replacer", "05. Key Replacer\05. Key Replacer.csproj", "{A607B351-CAB6-4BD9-8EBF-37B28C7EE943}"
EndProject
Project("{FAE04EC0-301F-11D3-BF4B-00C04F79EFBC}") = "06. Valid Usernames", "06. Valid Usernames\06. Valid Usernames.csproj", "{5FA9CDAD-2CD5-4FA1-93BC-C8527732A7CF}"
EndProject
Project("{FAE04EC0-301F-11D3-BF4B-00C04F79EFBC}") = "07. Query Mess", "07. Query Mess\07. Query Mess.csproj", "{342651A4-E4DB-4B6E-94BC-D075CCC24282}"
EndProject
Project("{FAE04EC0-301F-11D3-BF4B-00C04F79EFBC}") = "08. Use Your Chains, Buddy", "08. Use Your Chains, Buddy\08. Use Your Chains, Buddy.csproj", "{F5FAB540-191A-4B05-80AD-DDEEFF2B0E50}"
EndProject
Global
	GlobalSection(SolutionConfigurationPlatforms) = preSolution
		Debug|Any CPU = Debug|Any CPU
		Release|Any CPU = Release|Any CPU
	EndGlobalSection
	GlobalSection(ProjectConfigurationPlatforms) = postSolution
		{C2C3E486-4EE6-49A2-B50F-2341C1A6659F}.Debug|Any CPU.ActiveCfg = Debug|Any CPU
		{C2C3E486-4EE6-49A2-B50F-2341C1A6659F}.Debug|Any CPU.Build.0 = Debug|Any CPU
		{C2C3E486-4EE6-49A2-B50F-2341C1A6659F}.Release|Any CPU.ActiveCfg = Release|Any CPU
		{C2C3E486-4EE6-49A2-B50F-2341C1A6659F}.Release|Any CPU.Build.0 = Release|Any CPU
		{18384276-E992-4364-9F7C-CB499E0A9FCA}.Debug|Any CPU.ActiveCfg = Debug|Any CPU
		{18384276-E992-4364-9F7C-CB499E0A9FCA}.Debug|Any CPU.Build.0 = Debug|Any CPU
		{18384276-E992-4364-9F7C-CB499E0A9FCA}.Release|Any CPU.ActiveCfg = Release|Any CPU
		{18384276-E992-4364-9F7C-CB499E0A9FCA}.Release|Any CPU.Build.0 = Release|Any CPU
		{40914AD3-7F23-45CA-BD10-A22150B6581F}.Debug|Any CPU.ActiveCfg = Debug|Any CPU
		{40914AD3-7F23-45CA-BD10-A22150B6581F}.Debug|Any CPU.Build.0 = Debug|Any CPU
		{40914AD3-7F23-45CA-BD10-A22150B6581F}.Release|Any CPU.ActiveCfg = Release|Any CPU
		{40914AD3-7F23-45CA-BD10-A22150B6581F}.Release|Any CPU.Build.0 = Release|Any CPU
		{FED83B75-0568-4B51-A8EF-CFDC89E26AA5}.Debug|Any CPU.ActiveCfg = Debug|Any CPU
		{FED83B75-0568-4B51-A8EF-CFDC89E26AA5}.Debug|Any CPU.Build.0 = Debug|Any CPU
		{FED83B75-0568-4B51-A8EF-CFDC89E26AA5}.Release|Any CPU.ActiveCfg = Release|Any CPU
		{FED83B75-0568-4B51-A8EF-CFDC89E26AA5}.Release|Any CPU.Build.0 = Release|Any CPU
		{A607B351-CAB6-4BD9-8EBF-37B28C7EE943}.Debug|Any CPU.ActiveCfg = Debug|Any CPU
		{A607B351-CAB6-4BD9-8EBF-37B28C7EE943}.Debug|Any CPU.Build.0 = Debug|Any CPU
		{A607B351-CAB6-4BD9-8EBF-37B28C7EE943}.Release|Any CPU.ActiveCfg = Release|Any CPU
		{A607B351-CAB6-4BD9-8EBF-37B28C7EE943}.Release|Any CPU.Build.0 = Release|Any CPU
		{5FA9CDAD-2CD5-4FA1-93BC-C8527732A7CF}.Debug|Any CPU.ActiveCfg = Debug|Any CPU
		{5FA9CDAD-2CD5-4FA1-93BC-C8527732A7CF}.Debug|Any CPU.Build.0 = Debug|Any CPU
		{5FA9CDAD-2CD5-4FA1-93BC-C8527732A7CF}.Release|Any CPU.ActiveCfg = Release|Any CPU
		{5FA9CDAD-2CD5-4FA1-93BC-C8527732A7CF}.Release|Any CPU.Build.0 = Release|Any CPU
		{342651A4-E4DB-4B6E-94BC-D075CCC24282}.Debug|Any CPU.ActiveCfg = Debug|Any CPU
		{342651A4-E4DB-4B6E-94BC-D075CCC24282}.Debug|Any CPU.Build.0 = Debug|Any CPU
		{342651A4-E4DB-4B6E-94BC-D075CCC24282}.Release|Any CPU.ActiveCfg = Release|Any CPU
		{342651A4-E4DB-4B6E-94BC-D075CCC24282}.Release|Any CPU.Build.0 = Release|Any CPU
		{F5FAB540-191A-4B05-80AD-DDEEFF2B0E50}.Debug|Any CPU.ActiveCfg = Debug|Any CPU
		{F5FAB540-191A-4B05-80AD-DDEEFF2B0E50}.Debug|Any CPU.Build.0 = Debug|Any CPU
		{F5FAB540-191A-4B05-80AD-DDEEFF2B0E50}.Release|Any CPU.ActiveCfg = Release|Any CPU
		{F5FAB540-191A-4B05-80AD-DDEEFF2B0E50}.Release|Any CPU.Build.0 = Release|Any CPU
	EndGlobalSection
	GlobalSection(SolutionProperties) = preSolution
		HideSolutionNode = FALSE
	EndGlobalSection
	GlobalSection(ExtensibilityGlobals) = postSolution
		SolutionGuid = {B842EE4B-BB9A-4D6B-B23F-83EBCBD602E3}
	EndGlobalSection
EndGlobal
