
Microsoft Visual Studio Solution File, Format Version 12.00
# Visual Studio 15
VisualStudioVersion = 15.0.27004.2010
MinimumVisualStudioVersion = 10.0.40219.1
Project("{FAE04EC0-301F-11D3-BF4B-00C04F79EFBC}") = "01. Choose a Drink", "01. Choose a Drink\01. Choose a Drink.csproj", "{FD28352C-FC0D-4DA2-B59E-CB5B88F91EF2}"
EndProject
Project("{FAE04EC0-301F-11D3-BF4B-00C04F79EFBC}") = "02. Choose a Drink 2.0", "02. Choose a Drink 2.0\02. Choose a Drink 2.0.csproj", "{E8ECF624-F7BB-4389-8685-634573070971}"
EndProject
Project("{FAE04EC0-301F-11D3-BF4B-00C04F79EFBC}") = "03. Restaurant Discount", "03. Restaurant Discount\03. Restaurant Discount.csproj", "{3F54749D-DE22-4A55-A1E5-EDEF82A0B5B5}"
EndProject
Project("{FAE04EC0-301F-11D3-BF4B-00C04F79EFBC}") = "04. Hotel", "04. Hotel\04. Hotel.csproj", "{DC36E44E-CCB5-4034-A243-756BAAFDC70C}"
EndProject
Project("{FAE04EC0-301F-11D3-BF4B-00C04F79EFBC}") = "05. Word in Plural", "05. Word in Plural\05. Word in Plural.csproj", "{C5210517-5035-413D-873E-0595035A7335}"
EndProject
Project("{FAE04EC0-301F-11D3-BF4B-00C04F79EFBC}") = "06. Interval of Numbers", "06. Interval of Numbers\06. Interval of Numbers.csproj", "{5CAAF103-FDDA-4D97-805C-952C992CD344}"
EndProject
Project("{FAE04EC0-301F-11D3-BF4B-00C04F79EFBC}") = "07. Cake Ingredients", "07. Cake Ingredients\07. Cake Ingredients.csproj", "{95EF2048-A1CD-47DD-8AE5-B74FCBBFBFC9}"
EndProject
Project("{FAE04EC0-301F-11D3-BF4B-00C04F79EFBC}") = "08. Calories Counter", "08. Calories Counter\08. Calories Counter.csproj", "{53CD6488-22D8-4FE0-A15C-3AE9EF187BE0}"
EndProject
Global
	GlobalSection(SolutionConfigurationPlatforms) = preSolution
		Debug|Any CPU = Debug|Any CPU
		Release|Any CPU = Release|Any CPU
	EndGlobalSection
	GlobalSection(ProjectConfigurationPlatforms) = postSolution
		{FD28352C-FC0D-4DA2-B59E-CB5B88F91EF2}.Debug|Any CPU.ActiveCfg = Debug|Any CPU
		{FD28352C-FC0D-4DA2-B59E-CB5B88F91EF2}.Debug|Any CPU.Build.0 = Debug|Any CPU
		{FD28352C-FC0D-4DA2-B59E-CB5B88F91EF2}.Release|Any CPU.ActiveCfg = Release|Any CPU
		{FD28352C-FC0D-4DA2-B59E-CB5B88F91EF2}.Release|Any CPU.Build.0 = Release|Any CPU
		{E8ECF624-F7BB-4389-8685-634573070971}.Debug|Any CPU.ActiveCfg = Debug|Any CPU
		{E8ECF624-F7BB-4389-8685-634573070971}.Debug|Any CPU.Build.0 = Debug|Any CPU
		{E8ECF624-F7BB-4389-8685-634573070971}.Release|Any CPU.ActiveCfg = Release|Any CPU
		{E8ECF624-F7BB-4389-8685-634573070971}.Release|Any CPU.Build.0 = Release|Any CPU
		{3F54749D-DE22-4A55-A1E5-EDEF82A0B5B5}.Debug|Any CPU.ActiveCfg = Debug|Any CPU
		{3F54749D-DE22-4A55-A1E5-EDEF82A0B5B5}.Debug|Any CPU.Build.0 = Debug|Any CPU
		{3F54749D-DE22-4A55-A1E5-EDEF82A0B5B5}.Release|Any CPU.ActiveCfg = Release|Any CPU
		{3F54749D-DE22-4A55-A1E5-EDEF82A0B5B5}.Release|Any CPU.Build.0 = Release|Any CPU
		{DC36E44E-CCB5-4034-A243-756BAAFDC70C}.Debug|Any CPU.ActiveCfg = Debug|Any CPU
		{DC36E44E-CCB5-4034-A243-756BAAFDC70C}.Debug|Any CPU.Build.0 = Debug|Any CPU
		{DC36E44E-CCB5-4034-A243-756BAAFDC70C}.Release|Any CPU.ActiveCfg = Release|Any CPU
		{DC36E44E-CCB5-4034-A243-756BAAFDC70C}.Release|Any CPU.Build.0 = Release|Any CPU
		{C5210517-5035-413D-873E-0595035A7335}.Debug|Any CPU.ActiveCfg = Debug|Any CPU
		{C5210517-5035-413D-873E-0595035A7335}.Debug|Any CPU.Build.0 = Debug|Any CPU
		{C5210517-5035-413D-873E-0595035A7335}.Release|Any CPU.ActiveCfg = Release|Any CPU
		{C5210517-5035-413D-873E-0595035A7335}.Release|Any CPU.Build.0 = Release|Any CPU
		{5CAAF103-FDDA-4D97-805C-952C992CD344}.Debug|Any CPU.ActiveCfg = Debug|Any CPU
		{5CAAF103-FDDA-4D97-805C-952C992CD344}.Debug|Any CPU.Build.0 = Debug|Any CPU
		{5CAAF103-FDDA-4D97-805C-952C992CD344}.Release|Any CPU.ActiveCfg = Release|Any CPU
		{5CAAF103-FDDA-4D97-805C-952C992CD344}.Release|Any CPU.Build.0 = Release|Any CPU
		{95EF2048-A1CD-47DD-8AE5-B74FCBBFBFC9}.Debug|Any CPU.ActiveCfg = Debug|Any CPU
		{95EF2048-A1CD-47DD-8AE5-B74FCBBFBFC9}.Debug|Any CPU.Build.0 = Debug|Any CPU
		{95EF2048-A1CD-47DD-8AE5-B74FCBBFBFC9}.Release|Any CPU.ActiveCfg = Release|Any CPU
		{95EF2048-A1CD-47DD-8AE5-B74FCBBFBFC9}.Release|Any CPU.Build.0 = Release|Any CPU
		{53CD6488-22D8-4FE0-A15C-3AE9EF187BE0}.Debug|Any CPU.ActiveCfg = Debug|Any CPU
		{53CD6488-22D8-4FE0-A15C-3AE9EF187BE0}.Debug|Any CPU.Build.0 = Debug|Any CPU
		{53CD6488-22D8-4FE0-A15C-3AE9EF187BE0}.Release|Any CPU.ActiveCfg = Release|Any CPU
		{53CD6488-22D8-4FE0-A15C-3AE9EF187BE0}.Release|Any CPU.Build.0 = Release|Any CPU
	EndGlobalSection
	GlobalSection(SolutionProperties) = preSolution
		HideSolutionNode = FALSE
	EndGlobalSection
	GlobalSection(ExtensibilityGlobals) = postSolution
		SolutionGuid = {C2D49503-C580-4405-9F5B-7C69912797C8}
	EndGlobalSection
EndGlobal
