
Microsoft Visual Studio Solution File, Format Version 12.00
# Visual Studio 15
VisualStudioVersion = 15.0.27004.2010
MinimumVisualStudioVersion = 10.0.40219.1
Project("{FAE04EC0-301F-11D3-BF4B-00C04F79EFBC}") = "01. Largest Common End", "01. Largest Common End\01. Largest Common End.csproj", "{A27BC0AE-DD08-44DF-B233-03999006B65C}"
EndProject
Project("{FAE04EC0-301F-11D3-BF4B-00C04F79EFBC}") = "02. Rotate and Sum", "02. Rotate and Sum\02. Rotate and Sum.csproj", "{6913CD36-D514-44C7-A543-2AE0ED15A439}"
EndProject
Project("{FAE04EC0-301F-11D3-BF4B-00C04F79EFBC}") = "03. Fold and Sum", "03. Fold and Sum\03. Fold and Sum.csproj", "{A44A7737-A517-4768-9100-383023D14AED}"
EndProject
Project("{FAE04EC0-301F-11D3-BF4B-00C04F79EFBC}") = "04. Sieve of Eratosthenes", "04. Sieve of Eratosthenes\04. Sieve of Eratosthenes.csproj", "{41F4DC18-55EC-45DF-A9E4-69400F3773AD}"
EndProject
Project("{FAE04EC0-301F-11D3-BF4B-00C04F79EFBC}") = "05. Compare Char Arrays", "05. Compare Char Arrays\05. Compare Char Arrays.csproj", "{37FA6D9C-7615-41E4-8500-4F0763028C2C}"
EndProject
Project("{FAE04EC0-301F-11D3-BF4B-00C04F79EFBC}") = "06. Max Sequence of Equal Elements", "06. Max Sequence of Equal Elements\06. Max Sequence of Equal Elements.csproj", "{E57A008B-E850-41C6-B7F2-F465CDDFE439}"
EndProject
Project("{FAE04EC0-301F-11D3-BF4B-00C04F79EFBC}") = "07. Max Sequence of Increasing Elements", "07. Max Sequence of Increasing Elements\07. Max Sequence of Increasing Elements.csproj", "{F88511CA-789D-4185-B3B0-B4B91EAD0372}"
EndProject
Project("{FAE04EC0-301F-11D3-BF4B-00C04F79EFBC}") = "08. Most Frequent Number", "08. Most Frequent Number\08. Most Frequent Number.csproj", "{E28A0856-5AFD-4C46-B2B2-A80D4DBC88FF}"
EndProject
Global
	GlobalSection(SolutionConfigurationPlatforms) = preSolution
		Debug|Any CPU = Debug|Any CPU
		Release|Any CPU = Release|Any CPU
	EndGlobalSection
	GlobalSection(ProjectConfigurationPlatforms) = postSolution
		{A27BC0AE-DD08-44DF-B233-03999006B65C}.Debug|Any CPU.ActiveCfg = Debug|Any CPU
		{A27BC0AE-DD08-44DF-B233-03999006B65C}.Debug|Any CPU.Build.0 = Debug|Any CPU
		{A27BC0AE-DD08-44DF-B233-03999006B65C}.Release|Any CPU.ActiveCfg = Release|Any CPU
		{A27BC0AE-DD08-44DF-B233-03999006B65C}.Release|Any CPU.Build.0 = Release|Any CPU
		{6913CD36-D514-44C7-A543-2AE0ED15A439}.Debug|Any CPU.ActiveCfg = Debug|Any CPU
		{6913CD36-D514-44C7-A543-2AE0ED15A439}.Debug|Any CPU.Build.0 = Debug|Any CPU
		{6913CD36-D514-44C7-A543-2AE0ED15A439}.Release|Any CPU.ActiveCfg = Release|Any CPU
		{6913CD36-D514-44C7-A543-2AE0ED15A439}.Release|Any CPU.Build.0 = Release|Any CPU
		{A44A7737-A517-4768-9100-383023D14AED}.Debug|Any CPU.ActiveCfg = Debug|Any CPU
		{A44A7737-A517-4768-9100-383023D14AED}.Debug|Any CPU.Build.0 = Debug|Any CPU
		{A44A7737-A517-4768-9100-383023D14AED}.Release|Any CPU.ActiveCfg = Release|Any CPU
		{A44A7737-A517-4768-9100-383023D14AED}.Release|Any CPU.Build.0 = Release|Any CPU
		{41F4DC18-55EC-45DF-A9E4-69400F3773AD}.Debug|Any CPU.ActiveCfg = Debug|Any CPU
		{41F4DC18-55EC-45DF-A9E4-69400F3773AD}.Debug|Any CPU.Build.0 = Debug|Any CPU
		{41F4DC18-55EC-45DF-A9E4-69400F3773AD}.Release|Any CPU.ActiveCfg = Release|Any CPU
		{41F4DC18-55EC-45DF-A9E4-69400F3773AD}.Release|Any CPU.Build.0 = Release|Any CPU
		{37FA6D9C-7615-41E4-8500-4F0763028C2C}.Debug|Any CPU.ActiveCfg = Debug|Any CPU
		{37FA6D9C-7615-41E4-8500-4F0763028C2C}.Debug|Any CPU.Build.0 = Debug|Any CPU
		{37FA6D9C-7615-41E4-8500-4F0763028C2C}.Release|Any CPU.ActiveCfg = Release|Any CPU
		{37FA6D9C-7615-41E4-8500-4F0763028C2C}.Release|Any CPU.Build.0 = Release|Any CPU
		{E57A008B-E850-41C6-B7F2-F465CDDFE439}.Debug|Any CPU.ActiveCfg = Debug|Any CPU
		{E57A008B-E850-41C6-B7F2-F465CDDFE439}.Debug|Any CPU.Build.0 = Debug|Any CPU
		{E57A008B-E850-41C6-B7F2-F465CDDFE439}.Release|Any CPU.ActiveCfg = Release|Any CPU
		{E57A008B-E850-41C6-B7F2-F465CDDFE439}.Release|Any CPU.Build.0 = Release|Any CPU
		{F88511CA-789D-4185-B3B0-B4B91EAD0372}.Debug|Any CPU.ActiveCfg = Debug|Any CPU
		{F88511CA-789D-4185-B3B0-B4B91EAD0372}.Debug|Any CPU.Build.0 = Debug|Any CPU
		{F88511CA-789D-4185-B3B0-B4B91EAD0372}.Release|Any CPU.ActiveCfg = Release|Any CPU
		{F88511CA-789D-4185-B3B0-B4B91EAD0372}.Release|Any CPU.Build.0 = Release|Any CPU
		{E28A0856-5AFD-4C46-B2B2-A80D4DBC88FF}.Debug|Any CPU.ActiveCfg = Debug|Any CPU
		{E28A0856-5AFD-4C46-B2B2-A80D4DBC88FF}.Debug|Any CPU.Build.0 = Debug|Any CPU
		{E28A0856-5AFD-4C46-B2B2-A80D4DBC88FF}.Release|Any CPU.ActiveCfg = Release|Any CPU
		{E28A0856-5AFD-4C46-B2B2-A80D4DBC88FF}.Release|Any CPU.Build.0 = Release|Any CPU
	EndGlobalSection
	GlobalSection(SolutionProperties) = preSolution
		HideSolutionNode = FALSE
	EndGlobalSection
	GlobalSection(ExtensibilityGlobals) = postSolution
		SolutionGuid = {F436BB98-3BE5-47FA-A1F2-96084FDF6A5D}
	EndGlobalSection
EndGlobal
