
Microsoft Visual Studio Solution File, Format Version 12.00
# Visual Studio 15
VisualStudioVersion = 15.0.27004.2010
MinimumVisualStudioVersion = 10.0.40219.1
Project("{FAE04EC0-301F-11D3-BF4B-00C04F79EFBC}") = "01. Largest Common End", "01. Largest Common End\01. Largest Common End.csproj", "{A27BC0AE-DD08-44DF-B233-03999006B65C}"
EndProject
Global
	GlobalSection(SolutionConfigurationPlatforms) = preSolution
		Debug|Any CPU = Debug|Any CPU
		Release|Any CPU = Release|Any CPU
	EndGlobalSection
	GlobalSection(ProjectConfigurationPlatforms) = postSolution
		{A27BC0AE-DD08-44DF-B233-03999006B65C}.Debug|Any CPU.ActiveCfg = Debug|Any CPU
		{A27BC0AE-DD08-44DF-B233-03999006B65C}.Debug|Any CPU.Build.0 = Debug|Any CPU
		{A27BC0AE-DD08-44DF-B233-03999006B65C}.Release|Any CPU.ActiveCfg = Release|Any CPU
		{A27BC0AE-DD08-44DF-B233-03999006B65C}.Release|Any CPU.Build.0 = Release|Any CPU
	EndGlobalSection
	GlobalSection(SolutionProperties) = preSolution
		HideSolutionNode = FALSE
	EndGlobalSection
	GlobalSection(ExtensibilityGlobals) = postSolution
		SolutionGuid = {F436BB98-3BE5-47FA-A1F2-96084FDF6A5D}
	EndGlobalSection
EndGlobal
