
Microsoft Visual Studio Solution File, Format Version 12.00
# Visual Studio 15
VisualStudioVersion = 15.0.27004.2010
MinimumVisualStudioVersion = 10.0.40219.1
Project("{FAE04EC0-301F-11D3-BF4B-00C04F79EFBC}") = "01. Max Sequence of Equal Elements", "01. Max Sequence of Equal Elements\01. Max Sequence of Equal Elements.csproj", "{2A3FB6BE-9DED-45D3-8BF8-444E125CBA4C}"
EndProject
Project("{FAE04EC0-301F-11D3-BF4B-00C04F79EFBC}") = "02. Change List", "02. Change List\02. Change List.csproj", "{EF3641C4-35CC-4EB7-97EC-3865D82BB8DA}"
EndProject
Project("{FAE04EC0-301F-11D3-BF4B-00C04F79EFBC}") = "03. Search for a Number", "03. Search for a Number\03. Search for a Number.csproj", "{F1B26EFA-5478-4C90-B05C-D2C8552C03F6}"
EndProject
Project("{FAE04EC0-301F-11D3-BF4B-00C04F79EFBC}") = "04. Longest Increasing Subsequence", "04. Longest Increasing Subsequence\04. Longest Increasing Subsequence.csproj", "{06770AC8-07E2-4A9B-A9BD-BBFA8AFF49FE}"
EndProject
Project("{FAE04EC0-301F-11D3-BF4B-00C04F79EFBC}") = "05. Array Manipulator", "05. Array Manipulator\05. Array Manipulator.csproj", "{C2DDCB26-0685-4ADB-9D3A-5BB69C6E8527}"
EndProject
Project("{FAE04EC0-301F-11D3-BF4B-00C04F79EFBC}") = "06. Sum Reversed Numbers", "06. Sum Reversed Numbers\06. Sum Reversed Numbers.csproj", "{67CCCC30-4D86-47AD-8B39-8A1D6781A6FA}"
EndProject
Global
	GlobalSection(SolutionConfigurationPlatforms) = preSolution
		Debug|Any CPU = Debug|Any CPU
		Release|Any CPU = Release|Any CPU
	EndGlobalSection
	GlobalSection(ProjectConfigurationPlatforms) = postSolution
		{2A3FB6BE-9DED-45D3-8BF8-444E125CBA4C}.Debug|Any CPU.ActiveCfg = Debug|Any CPU
		{2A3FB6BE-9DED-45D3-8BF8-444E125CBA4C}.Debug|Any CPU.Build.0 = Debug|Any CPU
		{2A3FB6BE-9DED-45D3-8BF8-444E125CBA4C}.Release|Any CPU.ActiveCfg = Release|Any CPU
		{2A3FB6BE-9DED-45D3-8BF8-444E125CBA4C}.Release|Any CPU.Build.0 = Release|Any CPU
		{EF3641C4-35CC-4EB7-97EC-3865D82BB8DA}.Debug|Any CPU.ActiveCfg = Debug|Any CPU
		{EF3641C4-35CC-4EB7-97EC-3865D82BB8DA}.Debug|Any CPU.Build.0 = Debug|Any CPU
		{EF3641C4-35CC-4EB7-97EC-3865D82BB8DA}.Release|Any CPU.ActiveCfg = Release|Any CPU
		{EF3641C4-35CC-4EB7-97EC-3865D82BB8DA}.Release|Any CPU.Build.0 = Release|Any CPU
		{F1B26EFA-5478-4C90-B05C-D2C8552C03F6}.Debug|Any CPU.ActiveCfg = Debug|Any CPU
		{F1B26EFA-5478-4C90-B05C-D2C8552C03F6}.Debug|Any CPU.Build.0 = Debug|Any CPU
		{F1B26EFA-5478-4C90-B05C-D2C8552C03F6}.Release|Any CPU.ActiveCfg = Release|Any CPU
		{F1B26EFA-5478-4C90-B05C-D2C8552C03F6}.Release|Any CPU.Build.0 = Release|Any CPU
		{06770AC8-07E2-4A9B-A9BD-BBFA8AFF49FE}.Debug|Any CPU.ActiveCfg = Debug|Any CPU
		{06770AC8-07E2-4A9B-A9BD-BBFA8AFF49FE}.Debug|Any CPU.Build.0 = Debug|Any CPU
		{06770AC8-07E2-4A9B-A9BD-BBFA8AFF49FE}.Release|Any CPU.ActiveCfg = Release|Any CPU
		{06770AC8-07E2-4A9B-A9BD-BBFA8AFF49FE}.Release|Any CPU.Build.0 = Release|Any CPU
		{C2DDCB26-0685-4ADB-9D3A-5BB69C6E8527}.Debug|Any CPU.ActiveCfg = Debug|Any CPU
		{C2DDCB26-0685-4ADB-9D3A-5BB69C6E8527}.Debug|Any CPU.Build.0 = Debug|Any CPU
		{C2DDCB26-0685-4ADB-9D3A-5BB69C6E8527}.Release|Any CPU.ActiveCfg = Release|Any CPU
		{C2DDCB26-0685-4ADB-9D3A-5BB69C6E8527}.Release|Any CPU.Build.0 = Release|Any CPU
		{67CCCC30-4D86-47AD-8B39-8A1D6781A6FA}.Debug|Any CPU.ActiveCfg = Debug|Any CPU
		{67CCCC30-4D86-47AD-8B39-8A1D6781A6FA}.Debug|Any CPU.Build.0 = Debug|Any CPU
		{67CCCC30-4D86-47AD-8B39-8A1D6781A6FA}.Release|Any CPU.ActiveCfg = Release|Any CPU
		{67CCCC30-4D86-47AD-8B39-8A1D6781A6FA}.Release|Any CPU.Build.0 = Release|Any CPU
	EndGlobalSection
	GlobalSection(SolutionProperties) = preSolution
		HideSolutionNode = FALSE
	EndGlobalSection
	GlobalSection(ExtensibilityGlobals) = postSolution
		SolutionGuid = {702D3BE6-51A2-4F97-A930-223CE716D604}
	EndGlobalSection
EndGlobal
