
Microsoft Visual Studio Solution File, Format Version 12.00
# Visual Studio 15
VisualStudioVersion = 15.0.27004.2010
MinimumVisualStudioVersion = 10.0.40219.1
Project("{FAE04EC0-301F-11D3-BF4B-00C04F79EFBC}") = "01. Odd Lines", "01. Odd Lines\01. Odd Lines.csproj", "{FABA7F27-E3A5-4049-8A1C-94DD437C4272}"
EndProject
Project("{FAE04EC0-301F-11D3-BF4B-00C04F79EFBC}") = "02. Line Numbers", "02. Line Numbers\02. Line Numbers.csproj", "{7C838748-C3CF-4F00-8478-F18DD351407B}"
EndProject
Project("{FAE04EC0-301F-11D3-BF4B-00C04F79EFBC}") = "03. Word Count", "03. Word Count\03. Word Count.csproj", "{4B0EE171-386C-469B-9957-A080B020E796}"
EndProject
Global
	GlobalSection(SolutionConfigurationPlatforms) = preSolution
		Debug|Any CPU = Debug|Any CPU
		Release|Any CPU = Release|Any CPU
	EndGlobalSection
	GlobalSection(ProjectConfigurationPlatforms) = postSolution
		{FABA7F27-E3A5-4049-8A1C-94DD437C4272}.Debug|Any CPU.ActiveCfg = Debug|Any CPU
		{FABA7F27-E3A5-4049-8A1C-94DD437C4272}.Debug|Any CPU.Build.0 = Debug|Any CPU
		{FABA7F27-E3A5-4049-8A1C-94DD437C4272}.Release|Any CPU.ActiveCfg = Release|Any CPU
		{FABA7F27-E3A5-4049-8A1C-94DD437C4272}.Release|Any CPU.Build.0 = Release|Any CPU
		{7C838748-C3CF-4F00-8478-F18DD351407B}.Debug|Any CPU.ActiveCfg = Debug|Any CPU
		{7C838748-C3CF-4F00-8478-F18DD351407B}.Debug|Any CPU.Build.0 = Debug|Any CPU
		{7C838748-C3CF-4F00-8478-F18DD351407B}.Release|Any CPU.ActiveCfg = Release|Any CPU
		{7C838748-C3CF-4F00-8478-F18DD351407B}.Release|Any CPU.Build.0 = Release|Any CPU
		{4B0EE171-386C-469B-9957-A080B020E796}.Debug|Any CPU.ActiveCfg = Debug|Any CPU
		{4B0EE171-386C-469B-9957-A080B020E796}.Debug|Any CPU.Build.0 = Debug|Any CPU
		{4B0EE171-386C-469B-9957-A080B020E796}.Release|Any CPU.ActiveCfg = Release|Any CPU
		{4B0EE171-386C-469B-9957-A080B020E796}.Release|Any CPU.Build.0 = Release|Any CPU
	EndGlobalSection
	GlobalSection(SolutionProperties) = preSolution
		HideSolutionNode = FALSE
	EndGlobalSection
	GlobalSection(ExtensibilityGlobals) = postSolution
		SolutionGuid = {6B3511AC-A248-4AA4-A438-7F90933D3F63}
	EndGlobalSection
EndGlobal
