
Microsoft Visual Studio Solution File, Format Version 12.00
# Visual Studio 15
VisualStudioVersion = 15.0.27004.2010
MinimumVisualStudioVersion = 10.0.40219.1
Project("{FAE04EC0-301F-11D3-BF4B-00C04F79EFBC}") = "01. Practice Integers", "01. Practice Integers\01. Practice Integers.csproj", "{3C7108A2-02F1-46C3-BE85-0733459A5DA8}"
EndProject
Project("{FAE04EC0-301F-11D3-BF4B-00C04F79EFBC}") = "02. Practice Floating Points", "02. Practice Floating Points\02. Practice Floating Points.csproj", "{F8DF318B-2A8A-4A32-83A2-702FD57C7EFB}"
EndProject
Project("{FAE04EC0-301F-11D3-BF4B-00C04F79EFBC}") = "03. Practice Chars And Strings", "03. Practice Chars And Strings\03. Practice Chars And Strings.csproj", "{701F3633-3C1C-420B-B63D-C0CF67C3D35D}"
EndProject
Project("{FAE04EC0-301F-11D3-BF4B-00C04F79EFBC}") = "04. Variable in Hex Format", "04. Variable in Hex Format\04. Variable in Hex Format.csproj", "{4DF4096E-5AB2-497C-A236-1D9362D412E6}"
EndProject
Project("{FAE04EC0-301F-11D3-BF4B-00C04F79EFBC}") = "05. Boolean Variable", "05. Boolean Variable\05. Boolean Variable.csproj", "{6C1AD1B7-E838-43C1-A1FD-44EB834364A1}"
EndProject
Project("{FAE04EC0-301F-11D3-BF4B-00C04F79EFBC}") = "06. Strings And Objects", "06. Strings And Objects\06. Strings And Objects.csproj", "{AA382828-8159-4CA8-8881-385F218D6201}"
EndProject
Project("{FAE04EC0-301F-11D3-BF4B-00C04F79EFBC}") = "07. Exchange Variable Values", "07. Exchange Variable Values\07. Exchange Variable Values.csproj", "{DF62615C-6A2C-4EED-85DC-8307881D0D87}"
EndProject
Project("{FAE04EC0-301F-11D3-BF4B-00C04F79EFBC}") = "08. Employee Data", "08. Employee Data\08. Employee Data.csproj", "{2BE88988-946F-487D-A955-F667EF816D76}"
EndProject
Project("{FAE04EC0-301F-11D3-BF4B-00C04F79EFBC}") = "09. Reversed chars", "09. Reversed chars\09. Reversed chars.csproj", "{043C7BC2-32EA-49C4-A98C-1B6F12BB4585}"
EndProject
Project("{FAE04EC0-301F-11D3-BF4B-00C04F79EFBC}") = "10. Centuries to Nanoseconds", "10. Centuries to Nanoseconds\10. Centuries to Nanoseconds.csproj", "{545CCC52-D6EC-4B90-8C62-9A9DA2CFED1F}"
EndProject
Project("{FAE04EC0-301F-11D3-BF4B-00C04F79EFBC}") = "11. Convert Speed Units", "11. Convert Speed Units\11. Convert Speed Units.csproj", "{EC4AACF9-7D66-4EB8-A944-8D7143E9D77F}"
EndProject
Project("{FAE04EC0-301F-11D3-BF4B-00C04F79EFBC}") = "12. Rectangle Properties", "12. Rectangle Properties\12. Rectangle Properties.csproj", "{DA0CE175-242D-4F5C-A3D1-A22F245E6D44}"
EndProject
Project("{FAE04EC0-301F-11D3-BF4B-00C04F79EFBC}") = "13. Vowel or Digit", "13. Vowel or Digit\13. Vowel or Digit.csproj", "{742024A1-E21E-4721-ACEE-1F3486D8EEBD}"
EndProject
Global
	GlobalSection(SolutionConfigurationPlatforms) = preSolution
		Debug|Any CPU = Debug|Any CPU
		Release|Any CPU = Release|Any CPU
	EndGlobalSection
	GlobalSection(ProjectConfigurationPlatforms) = postSolution
		{3C7108A2-02F1-46C3-BE85-0733459A5DA8}.Debug|Any CPU.ActiveCfg = Debug|Any CPU
		{3C7108A2-02F1-46C3-BE85-0733459A5DA8}.Debug|Any CPU.Build.0 = Debug|Any CPU
		{3C7108A2-02F1-46C3-BE85-0733459A5DA8}.Release|Any CPU.ActiveCfg = Release|Any CPU
		{3C7108A2-02F1-46C3-BE85-0733459A5DA8}.Release|Any CPU.Build.0 = Release|Any CPU
		{F8DF318B-2A8A-4A32-83A2-702FD57C7EFB}.Debug|Any CPU.ActiveCfg = Debug|Any CPU
		{F8DF318B-2A8A-4A32-83A2-702FD57C7EFB}.Debug|Any CPU.Build.0 = Debug|Any CPU
		{F8DF318B-2A8A-4A32-83A2-702FD57C7EFB}.Release|Any CPU.ActiveCfg = Release|Any CPU
		{F8DF318B-2A8A-4A32-83A2-702FD57C7EFB}.Release|Any CPU.Build.0 = Release|Any CPU
		{701F3633-3C1C-420B-B63D-C0CF67C3D35D}.Debug|Any CPU.ActiveCfg = Debug|Any CPU
		{701F3633-3C1C-420B-B63D-C0CF67C3D35D}.Debug|Any CPU.Build.0 = Debug|Any CPU
		{701F3633-3C1C-420B-B63D-C0CF67C3D35D}.Release|Any CPU.ActiveCfg = Release|Any CPU
		{701F3633-3C1C-420B-B63D-C0CF67C3D35D}.Release|Any CPU.Build.0 = Release|Any CPU
		{4DF4096E-5AB2-497C-A236-1D9362D412E6}.Debug|Any CPU.ActiveCfg = Debug|Any CPU
		{4DF4096E-5AB2-497C-A236-1D9362D412E6}.Debug|Any CPU.Build.0 = Debug|Any CPU
		{4DF4096E-5AB2-497C-A236-1D9362D412E6}.Release|Any CPU.ActiveCfg = Release|Any CPU
		{4DF4096E-5AB2-497C-A236-1D9362D412E6}.Release|Any CPU.Build.0 = Release|Any CPU
		{6C1AD1B7-E838-43C1-A1FD-44EB834364A1}.Debug|Any CPU.ActiveCfg = Debug|Any CPU
		{6C1AD1B7-E838-43C1-A1FD-44EB834364A1}.Debug|Any CPU.Build.0 = Debug|Any CPU
		{6C1AD1B7-E838-43C1-A1FD-44EB834364A1}.Release|Any CPU.ActiveCfg = Release|Any CPU
		{6C1AD1B7-E838-43C1-A1FD-44EB834364A1}.Release|Any CPU.Build.0 = Release|Any CPU
		{AA382828-8159-4CA8-8881-385F218D6201}.Debug|Any CPU.ActiveCfg = Debug|Any CPU
		{AA382828-8159-4CA8-8881-385F218D6201}.Debug|Any CPU.Build.0 = Debug|Any CPU
		{AA382828-8159-4CA8-8881-385F218D6201}.Release|Any CPU.ActiveCfg = Release|Any CPU
		{AA382828-8159-4CA8-8881-385F218D6201}.Release|Any CPU.Build.0 = Release|Any CPU
		{DF62615C-6A2C-4EED-85DC-8307881D0D87}.Debug|Any CPU.ActiveCfg = Debug|Any CPU
		{DF62615C-6A2C-4EED-85DC-8307881D0D87}.Debug|Any CPU.Build.0 = Debug|Any CPU
		{DF62615C-6A2C-4EED-85DC-8307881D0D87}.Release|Any CPU.ActiveCfg = Release|Any CPU
		{DF62615C-6A2C-4EED-85DC-8307881D0D87}.Release|Any CPU.Build.0 = Release|Any CPU
		{2BE88988-946F-487D-A955-F667EF816D76}.Debug|Any CPU.ActiveCfg = Debug|Any CPU
		{2BE88988-946F-487D-A955-F667EF816D76}.Debug|Any CPU.Build.0 = Debug|Any CPU
		{2BE88988-946F-487D-A955-F667EF816D76}.Release|Any CPU.ActiveCfg = Release|Any CPU
		{2BE88988-946F-487D-A955-F667EF816D76}.Release|Any CPU.Build.0 = Release|Any CPU
		{043C7BC2-32EA-49C4-A98C-1B6F12BB4585}.Debug|Any CPU.ActiveCfg = Debug|Any CPU
		{043C7BC2-32EA-49C4-A98C-1B6F12BB4585}.Debug|Any CPU.Build.0 = Debug|Any CPU
		{043C7BC2-32EA-49C4-A98C-1B6F12BB4585}.Release|Any CPU.ActiveCfg = Release|Any CPU
		{043C7BC2-32EA-49C4-A98C-1B6F12BB4585}.Release|Any CPU.Build.0 = Release|Any CPU
		{545CCC52-D6EC-4B90-8C62-9A9DA2CFED1F}.Debug|Any CPU.ActiveCfg = Debug|Any CPU
		{545CCC52-D6EC-4B90-8C62-9A9DA2CFED1F}.Debug|Any CPU.Build.0 = Debug|Any CPU
		{545CCC52-D6EC-4B90-8C62-9A9DA2CFED1F}.Release|Any CPU.ActiveCfg = Release|Any CPU
		{545CCC52-D6EC-4B90-8C62-9A9DA2CFED1F}.Release|Any CPU.Build.0 = Release|Any CPU
		{EC4AACF9-7D66-4EB8-A944-8D7143E9D77F}.Debug|Any CPU.ActiveCfg = Debug|Any CPU
		{EC4AACF9-7D66-4EB8-A944-8D7143E9D77F}.Debug|Any CPU.Build.0 = Debug|Any CPU
		{EC4AACF9-7D66-4EB8-A944-8D7143E9D77F}.Release|Any CPU.ActiveCfg = Release|Any CPU
		{EC4AACF9-7D66-4EB8-A944-8D7143E9D77F}.Release|Any CPU.Build.0 = Release|Any CPU
		{DA0CE175-242D-4F5C-A3D1-A22F245E6D44}.Debug|Any CPU.ActiveCfg = Debug|Any CPU
		{DA0CE175-242D-4F5C-A3D1-A22F245E6D44}.Debug|Any CPU.Build.0 = Debug|Any CPU
		{DA0CE175-242D-4F5C-A3D1-A22F245E6D44}.Release|Any CPU.ActiveCfg = Release|Any CPU
		{DA0CE175-242D-4F5C-A3D1-A22F245E6D44}.Release|Any CPU.Build.0 = Release|Any CPU
		{742024A1-E21E-4721-ACEE-1F3486D8EEBD}.Debug|Any CPU.ActiveCfg = Debug|Any CPU
		{742024A1-E21E-4721-ACEE-1F3486D8EEBD}.Debug|Any CPU.Build.0 = Debug|Any CPU
		{742024A1-E21E-4721-ACEE-1F3486D8EEBD}.Release|Any CPU.ActiveCfg = Release|Any CPU
		{742024A1-E21E-4721-ACEE-1F3486D8EEBD}.Release|Any CPU.Build.0 = Release|Any CPU
	EndGlobalSection
	GlobalSection(SolutionProperties) = preSolution
		HideSolutionNode = FALSE
	EndGlobalSection
	GlobalSection(ExtensibilityGlobals) = postSolution
		SolutionGuid = {434B8413-013D-4E32-82AB-6E526C4F449D}
	EndGlobalSection
EndGlobal
