
Microsoft Visual Studio Solution File, Format Version 12.00
# Visual Studio 15
VisualStudioVersion = 15.0.27004.2010
MinimumVisualStudioVersion = 10.0.40219.1
Project("{FAE04EC0-301F-11D3-BF4B-00C04F79EFBC}") = "01. Most Frequent Number", "01. Most Frequent Number\01. Most Frequent Number.csproj", "{8812ACEA-2B6F-4F18-A233-5B74020FE9EE}"
EndProject
Project("{FAE04EC0-301F-11D3-BF4B-00C04F79EFBC}") = "02. Index of Letters", "02. Index of Letters\02. Index of Letters.csproj", "{C4A91CD3-2396-4933-B0E4-647F18A90A09}"
EndProject
Project("{FAE04EC0-301F-11D3-BF4B-00C04F79EFBC}") = "03. Equal Sums", "03. Equal Sums\03. Equal Sums.csproj", "{934AB41D-C480-4887-B5EF-110D29DEA08B}"
EndProject
Project("{FAE04EC0-301F-11D3-BF4B-00C04F79EFBC}") = "04. Max Sequence of Equal Elements", "04. Max Sequence of Equal Elements\04. Max Sequence of Equal Elements.csproj", "{1D2DA7E1-576A-45E9-B0EA-D23BA7BB8334}"
EndProject
Project("{FAE04EC0-301F-11D3-BF4B-00C04F79EFBC}") = "05. A Miner Task", "05. A Miner Task\05. A Miner Task.csproj", "{1EC69DA4-F58A-4DB5-BF59-A28DB5C31774}"
EndProject
Project("{FAE04EC0-301F-11D3-BF4B-00C04F79EFBC}") = "06. Fix Emails", "06. Fix Emails\06. Fix Emails.csproj", "{6D357446-8E4B-4725-8793-28457751A71A}"
EndProject
Global
	GlobalSection(SolutionConfigurationPlatforms) = preSolution
		Debug|Any CPU = Debug|Any CPU
		Release|Any CPU = Release|Any CPU
	EndGlobalSection
	GlobalSection(ProjectConfigurationPlatforms) = postSolution
		{8812ACEA-2B6F-4F18-A233-5B74020FE9EE}.Debug|Any CPU.ActiveCfg = Debug|Any CPU
		{8812ACEA-2B6F-4F18-A233-5B74020FE9EE}.Debug|Any CPU.Build.0 = Debug|Any CPU
		{8812ACEA-2B6F-4F18-A233-5B74020FE9EE}.Release|Any CPU.ActiveCfg = Release|Any CPU
		{8812ACEA-2B6F-4F18-A233-5B74020FE9EE}.Release|Any CPU.Build.0 = Release|Any CPU
		{C4A91CD3-2396-4933-B0E4-647F18A90A09}.Debug|Any CPU.ActiveCfg = Debug|Any CPU
		{C4A91CD3-2396-4933-B0E4-647F18A90A09}.Debug|Any CPU.Build.0 = Debug|Any CPU
		{C4A91CD3-2396-4933-B0E4-647F18A90A09}.Release|Any CPU.ActiveCfg = Release|Any CPU
		{C4A91CD3-2396-4933-B0E4-647F18A90A09}.Release|Any CPU.Build.0 = Release|Any CPU
		{934AB41D-C480-4887-B5EF-110D29DEA08B}.Debug|Any CPU.ActiveCfg = Debug|Any CPU
		{934AB41D-C480-4887-B5EF-110D29DEA08B}.Debug|Any CPU.Build.0 = Debug|Any CPU
		{934AB41D-C480-4887-B5EF-110D29DEA08B}.Release|Any CPU.ActiveCfg = Release|Any CPU
		{934AB41D-C480-4887-B5EF-110D29DEA08B}.Release|Any CPU.Build.0 = Release|Any CPU
		{1D2DA7E1-576A-45E9-B0EA-D23BA7BB8334}.Debug|Any CPU.ActiveCfg = Debug|Any CPU
		{1D2DA7E1-576A-45E9-B0EA-D23BA7BB8334}.Debug|Any CPU.Build.0 = Debug|Any CPU
		{1D2DA7E1-576A-45E9-B0EA-D23BA7BB8334}.Release|Any CPU.ActiveCfg = Release|Any CPU
		{1D2DA7E1-576A-45E9-B0EA-D23BA7BB8334}.Release|Any CPU.Build.0 = Release|Any CPU
		{1EC69DA4-F58A-4DB5-BF59-A28DB5C31774}.Debug|Any CPU.ActiveCfg = Debug|Any CPU
		{1EC69DA4-F58A-4DB5-BF59-A28DB5C31774}.Debug|Any CPU.Build.0 = Debug|Any CPU
		{1EC69DA4-F58A-4DB5-BF59-A28DB5C31774}.Release|Any CPU.ActiveCfg = Release|Any CPU
		{1EC69DA4-F58A-4DB5-BF59-A28DB5C31774}.Release|Any CPU.Build.0 = Release|Any CPU
		{6D357446-8E4B-4725-8793-28457751A71A}.Debug|Any CPU.ActiveCfg = Debug|Any CPU
		{6D357446-8E4B-4725-8793-28457751A71A}.Debug|Any CPU.Build.0 = Debug|Any CPU
		{6D357446-8E4B-4725-8793-28457751A71A}.Release|Any CPU.ActiveCfg = Release|Any CPU
		{6D357446-8E4B-4725-8793-28457751A71A}.Release|Any CPU.Build.0 = Release|Any CPU
	EndGlobalSection
	GlobalSection(SolutionProperties) = preSolution
		HideSolutionNode = FALSE
	EndGlobalSection
	GlobalSection(ExtensibilityGlobals) = postSolution
		SolutionGuid = {E97E8835-9F9A-488C-BA89-F3B29BB19FE7}
	EndGlobalSection
EndGlobal
