
Microsoft Visual Studio Solution File, Format Version 12.00
# Visual Studio 15
VisualStudioVersion = 15.0.27004.2010
MinimumVisualStudioVersion = 10.0.40219.1
Project("{FAE04EC0-301F-11D3-BF4B-00C04F79EFBC}") = "01. Phonebook", "01. Phonebook\01. Phonebook.csproj", "{DBF27DD6-6BF0-4950-A656-AE662EA8557F}"
EndProject
Project("{FAE04EC0-301F-11D3-BF4B-00C04F79EFBC}") = "02. Phonebook Upgrade", "02. Phonebook Upgrade\02. Phonebook Upgrade.csproj", "{CE7D4C79-5977-407C-ABE7-7BC5D6E028DD}"
EndProject
Project("{FAE04EC0-301F-11D3-BF4B-00C04F79EFBC}") = "03. A Miner Task", "03. A Miner Task\03. A Miner Task.csproj", "{99FDEDB7-9B2C-45EA-901C-9E3E6A072F53}"
EndProject
Project("{FAE04EC0-301F-11D3-BF4B-00C04F79EFBC}") = "04. Fix Emails", "04. Fix Emails\04. Fix Emails.csproj", "{C0B99D9F-6BE9-4FE3-B330-0EB2602BE43B}"
EndProject
Project("{FAE04EC0-301F-11D3-BF4B-00C04F79EFBC}") = "05. Hands of Cards", "05. Hands of Cards\05. Hands of Cards.csproj", "{A5A294C9-66E8-4CC7-990B-418125B209E4}"
EndProject
Project("{FAE04EC0-301F-11D3-BF4B-00C04F79EFBC}") = "06. User Logs", "06. User Logs\06. User Logs.csproj", "{2869B881-7D54-4BEE-B6A1-814BA442C18A}"
EndProject
Project("{FAE04EC0-301F-11D3-BF4B-00C04F79EFBC}") = "07. Population Counter", "07. Population Counter\07. Population Counter.csproj", "{A91E36B0-1034-4D31-8DA0-8C5174D4BD8D}"
EndProject
Project("{FAE04EC0-301F-11D3-BF4B-00C04F79EFBC}") = "08. Logs Aggregator", "08. Logs Aggregator\08. Logs Aggregator.csproj", "{BB814695-7014-4532-8731-A64E749CFE23}"
EndProject
Project("{FAE04EC0-301F-11D3-BF4B-00C04F79EFBC}") = "09. Legendary Farming", "09. Legendary Farming\09. Legendary Farming.csproj", "{FF27A98F-BA0B-461F-95BC-5F1FD4F5C027}"
EndProject
Project("{FAE04EC0-301F-11D3-BF4B-00C04F79EFBC}") = "10. Сръбско Unleashed", "10. Сръбско Unleashed\10. Сръбско Unleashed.csproj", "{B454E2D1-2FDE-4C02-B3E0-6BA70E7B0283}"
EndProject
Project("{FAE04EC0-301F-11D3-BF4B-00C04F79EFBC}") = "11. Dragon Army", "11. Dragon Army\11. Dragon Army.csproj", "{CF46F18D-8345-45E8-95A7-3576B039B0BA}"
EndProject
Global
	GlobalSection(SolutionConfigurationPlatforms) = preSolution
		Debug|Any CPU = Debug|Any CPU
		Release|Any CPU = Release|Any CPU
	EndGlobalSection
	GlobalSection(ProjectConfigurationPlatforms) = postSolution
		{DBF27DD6-6BF0-4950-A656-AE662EA8557F}.Debug|Any CPU.ActiveCfg = Debug|Any CPU
		{DBF27DD6-6BF0-4950-A656-AE662EA8557F}.Debug|Any CPU.Build.0 = Debug|Any CPU
		{DBF27DD6-6BF0-4950-A656-AE662EA8557F}.Release|Any CPU.ActiveCfg = Release|Any CPU
		{DBF27DD6-6BF0-4950-A656-AE662EA8557F}.Release|Any CPU.Build.0 = Release|Any CPU
		{CE7D4C79-5977-407C-ABE7-7BC5D6E028DD}.Debug|Any CPU.ActiveCfg = Debug|Any CPU
		{CE7D4C79-5977-407C-ABE7-7BC5D6E028DD}.Debug|Any CPU.Build.0 = Debug|Any CPU
		{CE7D4C79-5977-407C-ABE7-7BC5D6E028DD}.Release|Any CPU.ActiveCfg = Release|Any CPU
		{CE7D4C79-5977-407C-ABE7-7BC5D6E028DD}.Release|Any CPU.Build.0 = Release|Any CPU
		{99FDEDB7-9B2C-45EA-901C-9E3E6A072F53}.Debug|Any CPU.ActiveCfg = Debug|Any CPU
		{99FDEDB7-9B2C-45EA-901C-9E3E6A072F53}.Debug|Any CPU.Build.0 = Debug|Any CPU
		{99FDEDB7-9B2C-45EA-901C-9E3E6A072F53}.Release|Any CPU.ActiveCfg = Release|Any CPU
		{99FDEDB7-9B2C-45EA-901C-9E3E6A072F53}.Release|Any CPU.Build.0 = Release|Any CPU
		{C0B99D9F-6BE9-4FE3-B330-0EB2602BE43B}.Debug|Any CPU.ActiveCfg = Debug|Any CPU
		{C0B99D9F-6BE9-4FE3-B330-0EB2602BE43B}.Debug|Any CPU.Build.0 = Debug|Any CPU
		{C0B99D9F-6BE9-4FE3-B330-0EB2602BE43B}.Release|Any CPU.ActiveCfg = Release|Any CPU
		{C0B99D9F-6BE9-4FE3-B330-0EB2602BE43B}.Release|Any CPU.Build.0 = Release|Any CPU
		{A5A294C9-66E8-4CC7-990B-418125B209E4}.Debug|Any CPU.ActiveCfg = Debug|Any CPU
		{A5A294C9-66E8-4CC7-990B-418125B209E4}.Debug|Any CPU.Build.0 = Debug|Any CPU
		{A5A294C9-66E8-4CC7-990B-418125B209E4}.Release|Any CPU.ActiveCfg = Release|Any CPU
		{A5A294C9-66E8-4CC7-990B-418125B209E4}.Release|Any CPU.Build.0 = Release|Any CPU
		{2869B881-7D54-4BEE-B6A1-814BA442C18A}.Debug|Any CPU.ActiveCfg = Debug|Any CPU
		{2869B881-7D54-4BEE-B6A1-814BA442C18A}.Debug|Any CPU.Build.0 = Debug|Any CPU
		{2869B881-7D54-4BEE-B6A1-814BA442C18A}.Release|Any CPU.ActiveCfg = Release|Any CPU
		{2869B881-7D54-4BEE-B6A1-814BA442C18A}.Release|Any CPU.Build.0 = Release|Any CPU
		{A91E36B0-1034-4D31-8DA0-8C5174D4BD8D}.Debug|Any CPU.ActiveCfg = Debug|Any CPU
		{A91E36B0-1034-4D31-8DA0-8C5174D4BD8D}.Debug|Any CPU.Build.0 = Debug|Any CPU
		{A91E36B0-1034-4D31-8DA0-8C5174D4BD8D}.Release|Any CPU.ActiveCfg = Release|Any CPU
		{A91E36B0-1034-4D31-8DA0-8C5174D4BD8D}.Release|Any CPU.Build.0 = Release|Any CPU
		{BB814695-7014-4532-8731-A64E749CFE23}.Debug|Any CPU.ActiveCfg = Debug|Any CPU
		{BB814695-7014-4532-8731-A64E749CFE23}.Debug|Any CPU.Build.0 = Debug|Any CPU
		{BB814695-7014-4532-8731-A64E749CFE23}.Release|Any CPU.ActiveCfg = Release|Any CPU
		{BB814695-7014-4532-8731-A64E749CFE23}.Release|Any CPU.Build.0 = Release|Any CPU
		{FF27A98F-BA0B-461F-95BC-5F1FD4F5C027}.Debug|Any CPU.ActiveCfg = Debug|Any CPU
		{FF27A98F-BA0B-461F-95BC-5F1FD4F5C027}.Debug|Any CPU.Build.0 = Debug|Any CPU
		{FF27A98F-BA0B-461F-95BC-5F1FD4F5C027}.Release|Any CPU.ActiveCfg = Release|Any CPU
		{FF27A98F-BA0B-461F-95BC-5F1FD4F5C027}.Release|Any CPU.Build.0 = Release|Any CPU
		{B454E2D1-2FDE-4C02-B3E0-6BA70E7B0283}.Debug|Any CPU.ActiveCfg = Debug|Any CPU
		{B454E2D1-2FDE-4C02-B3E0-6BA70E7B0283}.Debug|Any CPU.Build.0 = Debug|Any CPU
		{B454E2D1-2FDE-4C02-B3E0-6BA70E7B0283}.Release|Any CPU.ActiveCfg = Release|Any CPU
		{B454E2D1-2FDE-4C02-B3E0-6BA70E7B0283}.Release|Any CPU.Build.0 = Release|Any CPU
		{CF46F18D-8345-45E8-95A7-3576B039B0BA}.Debug|Any CPU.ActiveCfg = Debug|Any CPU
		{CF46F18D-8345-45E8-95A7-3576B039B0BA}.Debug|Any CPU.Build.0 = Debug|Any CPU
		{CF46F18D-8345-45E8-95A7-3576B039B0BA}.Release|Any CPU.ActiveCfg = Release|Any CPU
		{CF46F18D-8345-45E8-95A7-3576B039B0BA}.Release|Any CPU.Build.0 = Release|Any CPU
	EndGlobalSection
	GlobalSection(SolutionProperties) = preSolution
		HideSolutionNode = FALSE
	EndGlobalSection
	GlobalSection(ExtensibilityGlobals) = postSolution
		SolutionGuid = {83028D9C-E90C-4FEC-B98E-0A7F2EDE97BD}
	EndGlobalSection
EndGlobal
